
Microsoft Visual Studio Solution File, Format Version 12.00
# Visual Studio Version 17
VisualStudioVersion = 17.14.36414.22 d17.14
MinimumVisualStudioVersion = 10.0.40219.1
Project("{FAE04EC0-301F-11D3-BF4B-00C04F79EFBC}") = "ETS2ATS.ModlistManager", "ETS2ATS.ModlistManager.csproj", "{A8FA78F3-8423-49DC-6D3C-0D97B84F2470}"
EndProject
Global
	GlobalSection(SolutionConfigurationPlatforms) = preSolution
		Debug|Any CPU = Debug|Any CPU
		Release|Any CPU = Release|Any CPU
	EndGlobalSection
	GlobalSection(ProjectConfigurationPlatforms) = postSolution
		{A8FA78F3-8423-49DC-6D3C-0D97B84F2470}.Debug|Any CPU.ActiveCfg = Debug|Any CPU
		{A8FA78F3-8423-49DC-6D3C-0D97B84F2470}.Debug|Any CPU.Build.0 = Debug|Any CPU
		{A8FA78F3-8423-49DC-6D3C-0D97B84F2470}.Release|Any CPU.ActiveCfg = Release|Any CPU
		{A8FA78F3-8423-49DC-6D3C-0D97B84F2470}.Release|Any CPU.Build.0 = Release|Any CPU
	EndGlobalSection
	GlobalSection(SolutionProperties) = preSolution
		HideSolutionNode = FALSE
	EndGlobalSection
	GlobalSection(ExtensibilityGlobals) = postSolution
		SolutionGuid = {68563FB5-35AE-4320-A5CA-638270575892}
	EndGlobalSection
EndGlobal
